
Microsoft Visual Studio Solution File, Format Version 12.00
# Visual Studio Version 17
VisualStudioVersion = 17.9.34714.143
MinimumVisualStudioVersion = 10.0.40219.1
Project("{9A19103F-16F7-4668-BE54-9A1E7A4F7556}") = "FileUploaderApi", "FileUploaderApi\FileUploaderApi.csproj", "{EF9F9949-4FC9-4957-AC8B-A23BE2BC5AF1}"
EndProject
Global
	GlobalSection(SolutionConfigurationPlatforms) = preSolution
		Debug|Any CPU = Debug|Any CPU
		Release|Any CPU = Release|Any CPU
	EndGlobalSection
	GlobalSection(ProjectConfigurationPlatforms) = postSolution
		{EF9F9949-4FC9-4957-AC8B-A23BE2BC5AF1}.Debug|Any CPU.ActiveCfg = Debug|Any CPU
		{EF9F9949-4FC9-4957-AC8B-A23BE2BC5AF1}.Debug|Any CPU.Build.0 = Debug|Any CPU
		{EF9F9949-4FC9-4957-AC8B-A23BE2BC5AF1}.Release|Any CPU.ActiveCfg = Release|Any CPU
		{EF9F9949-4FC9-4957-AC8B-A23BE2BC5AF1}.Release|Any CPU.Build.0 = Release|Any CPU
	EndGlobalSection
	GlobalSection(SolutionProperties) = preSolution
		HideSolutionNode = FALSE
	EndGlobalSection
	GlobalSection(ExtensibilityGlobals) = postSolution
		SolutionGuid = {68BFD59D-7E0F-4687-A501-D5B6C00BAE95}
	EndGlobalSection
EndGlobal
